cloud.google.com/go v0.26.0/go.mod h1:aQUYkXzVsufM+DwF1aE+0xfcU+56JwCaLick0ClmMTw=
decred.org/cspp v0.1.3 h1:7l2SikgbzinIHS8EVq+lvOXAby7ZVuIj/hzz/RcNEz0=
decred.org/cspp v0.1.3/go.mod h1:AluGqqtq580GdsWxH2wbYtCDKi5D5P4sA96waw70D5c=
decred.org/cspp v0.2.0/go.mod h1:KVnB49sueBFCldRa/ivZCaWZbrPNEiXWwxHCf1jTYKI=
github.com/BurntSushi/toml v0.3.1/go.mod h1:xHWCNGjB5oqiDr8zfno3MHue2Ht5sIBksp03qcyfWMU=
github.com/Eacred/base58 v1.0.0 h1:BVi1FQCThIjZ0ehG+I99NJ51o0xcc9A/fDKhmJxY6+w=
github.com/Eacred/base58 v1.0.0/go.mod h1:LLY1p5e3g91byL/UO1eiZaYd+uRoVRarybgcoymu9Ks=
github.com/Eacred/base58 v1.0.1 h1:w5qTcb0hYpKuIBYIn4Ckirkj1aOWrSq8onPQpb3eGg8=
github.com/Eacred/base58 v1.0.1/go.mod h1:H2ENcsJjye1G7CbRa67kV9OFaui0LGr56ntKKoY5g9c=
github.com/Eacred/base58 v1.0.6 h1:y+sKNz8wDiyGS7G0aeje0/DnBsO4qaYdWrU1xC1HjBA=
github.com/Eacred/base58 v1.0.6/go.mod h1:RdbLH+S2PXj1pZUNO9kJi7KDr+B/k0GdyiAHsOJ0z8s=
github.com/Eacred/cspp v0.1.3/go.mod h1:AluGqqtq580GdsWxH2wbYtCDKi5D5P4sA96waw70D5c=
github.com/Eacred/cspp/v2 v2.01 h1:7l2SikgbzinIHS8EVq+lvOXAby7ZVuIj/hzz/RcNEz0=
github.com/Eacred/cspp/v2 v2.01 h1:SdwdoGT2wZenkczeDxzcKwoAA55Y0Ti3aZslabBORvA=
github.com/Eacred/cspp/v2 v2.01/go.mod h1:AluGqqtq580GdsWxH2wbYtCDKi5D5P4sA96waw70D5c=
github.com/Eacred/cspp/v2 v2.01/go.mod h1:AluGqqtq580GdsWxH2wbYtCDKi5D5P4sA96waw70D5c=
github.com/Eacred/cspp/v2 v2.01/go.mod h1:AluGqqtq580GdsWxH2wbYtCDKi5D5P4sA96waw70D5c=
github.com/Eacred/cspp/v2 v2.01/go.mod h1:AluGqqtq580GdsWxH2wbYtCDKi5D5P4sA96waw70D5c=
github.com/Eacred/cspp/v2 v2.01/go.mod h1:AluGqqtq580GdsWxH2wbYtCDKi5D5P4sA96waw70D5c=
github.com/Eacred/cspp/v2 v2.01/go.mod h1:KVnB49sueBFCldRa/ivZCaWZbrPNEiXWwxHCf1jTYKI=
github.com/Eacred/ecrd v1.3.0 h1:aj0w/OZDlI3vVq5W/hkf8FlNN3yXbDCZSRavAwkHFjU=
github.com/Eacred/eacrd/addrmgr v1.1.5 h1:/Bmlz6TWwA33+S3SDFVXt9pfDOsZe/KqRef00jcJe+E=
github.com/Eacred/eacrd/addrmgr v1.1.5 h1:VQkn1qmafZypfN2u7yi7J/girwz4ZDicquo7JzsoxdQ=
github.com/Eacred/eacrd/addrmgr v1.1.5/go.mod h1:T0ktGhi/KA1QRSCsNtsVeH+jcpJ+0AVDOLdT+PSCB9k=
github.com/Eacred/eacrd/addrmgr v1.1.5/go.mod h1:T0ktGhi/KA1QRSCsNtsVeH+jcpJ+0AVDOLdT+PSCB9k=
github.com/Eacred/eacrd/blockchain/stake v1.0.1 h1:IYGsNZRyMUsoFtVAUjd7XIccrIQ4YIqDeNzQJCjyS8A=
github.com/Eacred/eacrd/blockchain/stake v1.0.1 h1:IYGsNZRyMUsoFtVAUjd7XIccrIQ4YIqDeNzQJCjyS8A=
github.com/Eacred/eacrd/blockchain/stake v1.0.1/go.mod h1:hgoGmWMIu2LLApBbcguVpzCEEfX7M2YhuMrQdpohJzc=
github.com/Eacred/eacrd/blockchain/stake v1.0.1/go.mod h1:hgoGmWMIu2LLApBbcguVpzCEEfX7M2YhuMrQdpohJzc=
github.com/Eacred/eacrd/blockchain/stake v2.0.0 h1:+FMrSt5tPicBKlev0k/r/2VsaVwpIUcm1TPw69XgZw0=
github.com/Eacred/eacrd/blockchain/stake v2.0.0 h1:+FMrSt5tPicBKlev0k/r/2VsaVwpIUcm1TPw69XgZw0=
github.com/Eacred/eacrd/blockchain/stake v2.0.0/go.mod h1:jv/rKMcZ87lhvVkHot/tElxeAYEUJ3mnKPHJ7WPq86U=
github.com/Eacred/eacrd/blockchain/stake v2.0.0/go.mod h1:jv/rKMcZ87lhvVkHot/tElxeAYEUJ3mnKPHJ7WPq86U=
github.com/Eacred/eacrd/blockchain/stake v2.0.0/go.mod h1:jv/rKMcZ87lhvVkHot/tElxeAYEUJ3mnKPHJ7WPq86U=
github.com/Eacred/eacrd/blockchain/stake v2.0.0/go.mod h1:jv/rKMcZ87lhvVkHot/tElxeAYEUJ3mnKPHJ7WPq86U=
github.com/Eacred/eacrd/blockchain/stake v2.0.2/go.mod h1:o2TT/l/YFdrt15waUdlZ3g90zfSwlA0WgQqHV9UGJF4=
github.com/Eacred/eacrd/blockchain/stake v2.0.2/go.mod h1:o2TT/l/YFdrt15waUdlZ3g90zfSwlA0WgQqHV9UGJF4=
github.com/Eacred/eacrd/blockchain/stake v2.0.8 h1:ZzNS/gXHeLOKTYjEsRIRCTo0ujj+7Je20O+uHT46cao=
github.com/Eacred/eacrd/blockchain/stake v2.0.8 h1:tRrJTywABGsUpf6qrTrtdIOKXyZflA51b0sqWf7p5gk=
github.com/Eacred/eacrd/blockchain/stake v2.0.8/go.mod h1:hpQ6r2W8aXhkO43A33N2OT/ZVxc6uARWfvjvDAehMxU=
github.com/Eacred/eacrd/blockchain/stake v2.0.8/go.mod h1:hpQ6r2W8aXhkO43A33N2OT/ZVxc6uARWfvjvDAehMxU=
github.com/Eacred/eacrd/blockchain/standalone v1.1.0/go.mod h1:6K8ZgzlWM1Kz2TwXbrtiAvfvIwfAmlzrtpA7CVPCUPE=
github.com/Eacred/eacrd/blockchain/standalone v1.1.0/go.mod h1:6K8ZgzlWM1Kz2TwXbrtiAvfvIwfAmlzrtpA7CVPCUPE=
github.com/Eacred/eacrd/blockchain/standalone v1.1.3 h1:067Zc8APVnr2h7YwVyYnPmAjuUh88gKFi8d32LGE3n8=
github.com/Eacred/eacrd/blockchain/standalone v1.1.3/go.mod h1:P4Kdl7cTSY6Su76ekRj0vbWyabadcWALKQrXQZb/AlM=
github.com/Eacred/eacrd/blockchain/v2 v2.1.0/go.mod h1:DBmX26fUDTQocIozF44Ydo5+m+QzaC6aMYMBFFsCOJs=
github.com/Eacred/eacrd/blockchain/v2 v2.1.0/go.mod h1:DBmX26fUDTQocIozF44Ydo5+m+QzaC6aMYMBFFsCOJs=
github.com/Eacred/eacrd/blockchain/v2 v2.1.7 h1:IToHRL5WbWV4wCNHmbvGrdvT2T10lU5/3SNu/rd/Vfc=
github.com/Eacred/eacrd/blockchain/v2 v2.1.7/go.mod h1:FmnhVCaafbAgtdfyhWiVou19sB87fdkYe0fE2HICZ4E=
github.com/Eacred/eacrd/certgen v1.1.1 h1:ly33aDinxMa/g2m8XkELQsZn+Zsq/9sZCQJLjSI7Cg4=
github.com/Eacred/eacrd/certgen v1.1.1/go.mod h1:g7wnuZNXDllEC8h0FiNP9wPcrfJGs9v0MoBOKJ37N1Q=
github.com/Eacred/eacrd/chaincfg/chainhash v1.0.1/go.mod h1:OVfvaOsNLS/A1y4Eod0Ip/Lf8qga7VXCQjUQLbkY0Go=
github.com/Eacred/eacrd/chaincfg/chainhash v1.0.1/go.mod h1:OVfvaOsNLS/A1y4Eod0Ip/Lf8qga7VXCQjUQLbkY0Go=
github.com/Eacred/eacrd/chaincfg/chainhash v1.0.2 h1:rt5Vlq/jM3ZawwiacWjPa+smINyLRN07EO0cNBV6DGU=
github.com/Eacred/eacrd/chaincfg/chainhash v1.0.2 h1:rt5Vlq/jM3ZawwiacWjPa+smINyLRN07EO0cNBV6DGU=
github.com/Eacred/eacrd/chaincfg/chainhash v1.0.2/go.mod h1:BpbrGgrPTr3YJYRN3Bm+D9NuaFd+zGyNeIKgrhCXK60=
github.com/Eacred/eacrd/chaincfg/chainhash v1.0.2/go.mod h1:BpbrGgrPTr3YJYRN3Bm+D9NuaFd+zGyNeIKgrhCXK60=
github.com/Eacred/eacrd/chaincfg/chainhash v1.0.5 h1:NpwmWT/mzHDh9FkZbY5krW16ySLqtUSjc5m2AhrMYO8=
github.com/Eacred/eacrd/chaincfg/chainhash v1.0.5 h1:rt5Vlq/jM3ZawwiacWjPa+smINyLRN07EO0cNBV6DGU=
github.com/Eacred/eacrd/chaincfg/chainhash v1.0.5/go.mod h1:i7J8YxTjTAq3x/1ERZbp2fNtqhqhWzENkFcO9PRDBt8=
github.com/Eacred/eacrd/chaincfg/chainhash v1.0.5/go.mod h1:i7J8YxTjTAq3x/1ERZbp2fNtqhqhWzENkFcO9PRDBt8=
github.com/Eacred/eacrd/chaincfg v2.0.2/go.mod h1:hpKvhLCDAD/xDZ3V1Pqpv9fIKVYYi11DyxETguazyvg=
github.com/Eacred/eacrd/chaincfg v2.0.2/go.mod h1:hpKvhLCDAD/xDZ3V1Pqpv9fIKVYYi11DyxETguazyvg=
github.com/Eacred/eacrd/chaincfg v2.1.0 h1:2S7TL9YWnKDDiH5bTpp3xcBo+1gl1IXFi5KU4QwSIDk=
github.com/Eacred/eacrd/chaincfg v2.1.0/go.mod h1:a60ZlUig0cX3F6p9zLKEw3gQsgavQP618KSnyddeJ6E=
github.com/Eacred/eacrd/chaincfg v2.1.0/go.mod h1:hpKvhLCDAD/xDZ3V1Pqpv9fIKVYYi11DyxETguazyvg=
github.com/Eacred/eacrd/chaincfg v2.1.0/go.mod h1:hpKvhLCDAD/xDZ3V1Pqpv9fIKVYYi11DyxETguazyvg=
github.com/Eacred/eacrd/chaincfg v2.3.0/go.mod h1:7qUJTvn+y/kswSRZ4sT2+EmvlDTDyy2InvNFtX/hxk0=
github.com/Eacred/eacrd/chaincfg v2.3.0/go.mod h1:7qUJTvn+y/kswSRZ4sT2+EmvlDTDyy2InvNFtX/hxk0=
github.com/Eacred/eacrd/chaincfg v2.3.5 h1:1ZDWaPuN3wdW6+Vf1fjjyfaCLIJyxLGc3QBnWf8Z7do=
github.com/Eacred/eacrd/chaincfg v2.3.5 h1:1ZDWaPuN3wdW6+Vf1fjjyfaCLIJyxLGc3QBnWf8Z7do=
github.com/Eacred/eacrd/chaincfg v2.3.5 h1:dd6l9rqcpxg2GF5neBmE2XxRc5Lqda45fWmN4XOJRW8=
github.com/Eacred/eacrd/chaincfg v2.3.5 h1:qRZkiA7ucsfsQPE/G/U1OnEUFozDl1MvM4ysJCUndLU=
github.com/Eacred/eacrd/chaincfg v2.3.5 h1:u1Xbq0VTnAXIHW5ECqrWe0VYSgf5vWHqpSiwoLBzxAQ=
github.com/Eacred/eacrd/chaincfg v2.3.5/go.mod h1:a60ZlUig0cX3F6p9zLKEw3gQsgavQP618KSnyddeJ6E=
github.com/Eacred/eacrd/chaincfg v2.3.5/go.mod h1:a60ZlUig0cX3F6p9zLKEw3gQsgavQP618KSnyddeJ6E=
github.com/Eacred/eacrd/chaincfg v2.3.5/go.mod h1:a60ZlUig0cX3F6p9zLKEw3gQsgavQP618KSnyddeJ6E=
github.com/Eacred/eacrd/chaincfg v2.3.5/go.mod h1:a60ZlUig0cX3F6p9zLKEw3gQsgavQP618KSnyddeJ6E=
github.com/Eacred/eacrd/chaincfg v2.3.5/go.mod h1:a60ZlUig0cX3F6p9zLKEw3gQsgavQP618KSnyddeJ6E=
github.com/Eacred/eacrd/chaincfg v2.3.5/go.mod h1:a60ZlUig0cX3F6p9zLKEw3gQsgavQP618KSnyddeJ6E=
github.com/Eacred/eacrd/chaincfg v2.3.5/go.mod h1:ypuM30F+XgZmZTFfAkWHWd0lwwkWWAOAQYNRkRDlYLc=
github.com/Eacred/eacrd/connmgr v2.1.3 h1:9ySsuc9GkvXxL4aiBgUfrs7bGN9TXDhv0Y1eIXn9UxI=
github.com/Eacred/eacrd/connmgr v2.1.3 h1:nfitnK4FXWLvuE5uNNtUjiyBZtwzROEpuWD5OdWeGpo=
github.com/Eacred/eacrd/connmgr v2.1.3/go.mod h1:uF1YceUkhXjuZoahci228VIqYFC08A2eITbGJ4IVv60=
github.com/Eacred/eacrd/connmgr v2.1.3/go.mod h1:uF1YceUkhXjuZoahci228VIqYFC08A2eITbGJ4IVv60=
github.com/Eacred/eacrd/crypto/blake256 v1.0.0 h1:/8DMNYp9SGi5f0w7uCm6d6M4OU2rGFK09Y2A4Xv7EE0=
github.com/Eacred/eacrd/crypto/blake256 v1.0.0 h1:/8DMNYp9SGi5f0w7uCm6d6M4OU2rGFK09Y2A4Xv7EE0=
github.com/Eacred/eacrd/crypto/blake256 v1.0.0 h1:/8DMNYp9SGi5f0w7uCm6d6M4OU2rGFK09Y2A4Xv7EE0=
github.com/Eacred/eacrd/crypto/blake256 v1.0.0/go.mod h1:sQl2p6Y26YV+ZOcSTP6thNdn47hh8kt6rqSlvmrXFAc=
github.com/Eacred/eacrd/crypto/blake256 v1.0.0/go.mod h1:sQl2p6Y26YV+ZOcSTP6thNdn47hh8kt6rqSlvmrXFAc=
github.com/Eacred/eacrd/crypto/blake256 v1.0.0/go.mod h1:sQl2p6Y26YV+ZOcSTP6thNdn47hh8kt6rqSlvmrXFAc=
github.com/Eacred/eacrd/crypto/blake256 v1.0.1 h1:Kj/60+OXORp0N//y/1T3wcsv3bPCZ4dnGtB2BKQYW58=
github.com/Eacred/eacrd/crypto/blake256 v1.0.1/go.mod h1:wOA/ZHrOiqLse2DmPGPhFKhTeSp+RY+rruBzLI3fe+Q=
github.com/Eacred/eacrd/crypto/ripemd160 v1.0.0 h1:MciTnR4NfBqDFRFjFkrn8WPLP4Vo7t6ww6ghfn6wcXQ=
github.com/Eacred/eacrd/crypto/ripemd160 v1.0.0/go.mod h1:F0H8cjIuWTRoixr/LM3REB8obcWkmYx0gbxpQWR8RPg=
github.com/Eacred/eacrd/crypto/ripemd160 v1.0.0/go.mod h1:F0H8cjIuWTRoixr/LM3REB8obcWkmYx0gbxpQWR8RPg=
github.com/Eacred/eacrd/crypto/ripemd160 v1.0.0/go.mod h1:F0H8cjIuWTRoixr/LM3REB8obcWkmYx0gbxpQWR8RPg=
github.com/Eacred/eacrd/crypto/ripemd160 v1.0.1 h1:j5mPkHXPir5bqOaGGZZTuH7g4vfYmW45oztRs06t8yA=
github.com/Eacred/eacrd/crypto/ripemd160 v1.0.1/go.mod h1:uTmNgUdbn4g4GRk7snjLie+Ru5OQTPKScRajtCrxE90=
github.com/Eacred/eacrd/database v1.1.0 h1:A9doThqEjOiE8NicDbMmRwr74itM47rcOzzWpy+keYU=
github.com/Eacred/eacrd/database v1.1.0/go.mod h1:/c8suHgDP20weTDFpObwvNbrMMlxn2LM4Tvm377ztwQ=
github.com/Eacred/eacrd/database/v2 v2.0.0 h1:KWiyZHk+QyNKQvvxm/KpIejhTqYJqH9ssz1+9sT9nVA=
github.com/Eacred/eacrd/database/v2 v2.0.0/go.mod h1:Sj2lvTRB0mfSu9uD7ObfwCY/eJ954GFU/X+AndJIyfE=
github.com/Eacred/eacrd/database/v2 v2.0.0/go.mod h1:Sj2lvTRB0mfSu9uD7ObfwCY/eJ954GFU/X+AndJIyfE=
github.com/Eacred/eacrd/database/v2 v2.0.0/go.mod h1:Sj2lvTRB0mfSu9uD7ObfwCY/eJ954GFU/X+AndJIyfE=
github.com/Eacred/eacrd/database/v2 v2.0.1 h1:ghLzkKpVpwvjrdRv3njrEfkvygQpYQX66sGVs8ha+E8=
github.com/Eacred/eacrd/database/v2 v2.0.1/go.mod h1:ZOaWTv3IlNqCA+y7q3q5EozgmiDOmNwCSq3ntZn2CDo=
github.com/Eacred/eacrd/database/v2 v2.0.1/go.mod h1:ZOaWTv3IlNqCA+y7q3q5EozgmiDOmNwCSq3ntZn2CDo=
github.com/Eacred/eacrd/database/v2 v2.0.1/go.mod h1:ZOaWTv3IlNqCA+y7q3q5EozgmiDOmNwCSq3ntZn2CDo=
github.com/Eacred/eacrd/database/v2 v2.0.6 h1:cc7/Dw1QOH2zw2WYTZmyuICpFn7SBoFdMQBqrEo6m04=
github.com/Eacred/eacrd/database/v2 v2.0.6/go.mod h1:fWFoRE4i2n+6CizvClmv4EG99cs2xgtACYCKvZwqbJE=
github.com/Eacred/eacrd/dcrec v0.0.0-20180721005212-59fe2b293f69/go.mod h1:cRAH1SNk8Mi9hKBc/DHbeiWz/fyO8KWZR3H7okrIuOA=
github.com/Eacred/eacrd/dcrec v0.0.0-20180721031028-5369a485acf6/go.mod h1:cRAH1SNk8Mi9hKBc/DHbeiWz/fyO8KWZR3H7okrIuOA=
github.com/Eacred/eacrd/dcrec v0.0.0-20180801202239-0761de129164 h1:N5s3yVfjBNW6XNG3gLxYpvt0IUjUsp/FRfC75QpSI+E=
github.com/Eacred/eacrd/dcrec v0.0.0-20180801202239-0761de129164/go.mod h1:cRAH1SNk8Mi9hKBc/DHbeiWz/fyO8KWZR3H7okrIuOA=
github.com/Eacred/eacrd/dcrec v0.0.0-20190130161649-59ed4247a1d5/go.mod h1:cRAH1SNk8Mi9hKBc/DHbeiWz/fyO8KWZR3H7okrIuOA=
github.com/Eacred/eacrd/dcrec v1.0.0/go.mod h1:HIaqbEJQ+PDzQcORxnqen5/V1FR3B4VpIfmePklt8Q8=
github.com/Eacred/eacrd/dcrec v1.0.0/go.mod h1:HIaqbEJQ+PDzQcORxnqen5/V1FR3B4VpIfmePklt8Q8=
github.com/Eacred/eacrd/dcrec v1.0.1 h1:GfCIDDyHPrEzzTOkXkocKtMEiWmz2RksL+vlQ6xXk8k=
github.com/Eacred/eacrd/dcrec v1.0.1/go.mod h1:uqxhQTNnD0LeqwRr36S9MLEHchh7wtQYLzVbufVjp9Y=
github.com/Eacred/eacrd/dcrec/edwards v0.0.0-20180721005212-59fe2b293f69 h1:8UDkwr3GGUfG2qGFPIPaRlOIpMEOxKy9vq+rCym50EY=
github.com/Eacred/eacrd/dcrec/edwards v0.0.0-20180721005212-59fe2b293f69/go.mod h1:+ehP0Hk/mesyZXttxCtBbhPX23BMpZJ1pcVBqUfbmvU=
github.com/Eacred/eacrd/dcrec/edwards v0.0.0-20180721031028-5369a485acf6 h1:1T33paUnhZTyLN60k5DSy4CH9uTN4vQ9TdSyu4O1ox8=
github.com/Eacred/eacrd/dcrec/edwards v0.0.0-20180721031028-5369a485acf6/go.mod h1:+ehP0Hk/mesyZXttxCtBbhPX23BMpZJ1pcVBqUfbmvU=
github.com/Eacred/eacrd/dcrec/edwards v0.0.0-20181208004914-a0816cf4301f h1:NF7vp3nZ4MsAiXswGmE//m83jCN0lDsQrLI7IwLCTlo=
github.com/Eacred/eacrd/dcrec/edwards v0.0.0-20181208004914-a0816cf4301f/go.mod h1:+ehP0Hk/mesyZXttxCtBbhPX23BMpZJ1pcVBqUfbmvU=
github.com/Eacred/eacrd/dcrec/edwards v0.0.0-20190130161649-59ed4247a1d5/go.mod h1:+ehP0Hk/mesyZXttxCtBbhPX23BMpZJ1pcVBqUfbmvU=
github.com/Eacred/eacrd/dcrec/edwards v1.0.0/go.mod h1:HblVh1OfMt7xSxUL1ufjToaEvpbjpWvvTAUx4yem8BI=
github.com/Eacred/eacrd/dcrec/edwards v1.0.0/go.mod h1:HblVh1OfMt7xSxUL1ufjToaEvpbjpWvvTAUx4yem8BI=
github.com/Eacred/eacrd/dcrec/edwards/v2 v2.0.0 h1:E5KszxGgpjpmW8vN811G6rBAZg0/S/DftdGqN4FW5x4=
github.com/Eacred/eacrd/dcrec/edwards/v2 v2.0.0/go.mod h1:d0H8xGMWbiIQP7gN3v2rByWUcuZPm9YsgmnfoxgbINc=
github.com/Eacred/eacrd/dcrec/edwards/v2 v2.0.0/go.mod h1:d0H8xGMWbiIQP7gN3v2rByWUcuZPm9YsgmnfoxgbINc=
github.com/Eacred/eacrd/dcrec/edwards/v2 v2.0.0/go.mod h1:d0H8xGMWbiIQP7gN3v2rByWUcuZPm9YsgmnfoxgbINc=
github.com/Eacred/eacrd/dcrec/edwards/v2 v2.0.1 h1:L11Ox+V0VxPZJUcUnuiD7wjlmrBIiUsfihbWC8R37+o=
github.com/Eacred/eacrd/dcrec/edwards/v2 v2.0.1/go.mod h1:LNzlG4q6q9GdATKWazfFUq5EZljWRpKFcP+ShzbacTY=
github.com/Eacred/eacrd/dcrec/secp256k1 v1.0.1/go.mod h1:lhu4eZFSfTJWUnR3CFRcpD+Vta0KUAqnhTsTksHXgy0=
github.com/Eacred/eacrd/dcrec/secp256k1 v1.0.1/go.mod h1:lhu4eZFSfTJWUnR3CFRcpD+Vta0KUAqnhTsTksHXgy0=
github.com/Eacred/eacrd/dcrec/secp256k1 v1.0.2 h1:awk7sYJ4pGWmtkiGHFfctztJjHMKGLV8jctGQhAbKe0=
github.com/Eacred/eacrd/dcrec/secp256k1 v1.0.2/go.mod h1:CHTUIVfmDDd0KFVFpNX1pFVCBUegxW387nN0IGwNKR0=
github.com/Eacred/eacrd/dcrec/secp256k1 v1.0.2/go.mod h1:CHTUIVfmDDd0KFVFpNX1pFVCBUegxW387nN0IGwNKR0=
github.com/Eacred/eacrd/dcrec/secp256k1 v1.0.2/go.mod h1:CHTUIVfmDDd0KFVFpNX1pFVCBUegxW387nN0IGwNKR0=
github.com/Eacred/eacrd/dcrec/secp256k1/v2 v2.0.0 h1:3GIJYXQDAKpLEFriGFN8SbSffak10UXHGdIcFaMPykY=
github.com/Eacred/eacrd/dcrec/secp256k1/v2 v2.0.0/go.mod h1:3s92l0paYkZoIHuj4X93Teg/HB7eGM9x/zokGw+u4mY=
github.com/Eacred/eacrd/dcrec/secp256k1/v2 v2.0.0/go.mod h1:3s92l0paYkZoIHuj4X93Teg/HB7eGM9x/zokGw+u4mY=
github.com/Eacred/eacrd/dcrec/secp256k1/v2 v2.0.0/go.mod h1:3s92l0paYkZoIHuj4X93Teg/HB7eGM9x/zokGw+u4mY=
github.com/Eacred/eacrd/dcrec/secp256k1/v2 v2.0.2 h1:G0IE550QPo1QMCNropnecXdJeEBonFA7HBgPtBux4zk=
github.com/Eacred/eacrd/dcrec/secp256k1/v2 v2.0.2 h1:Le54WTGdTQv7XYXpS31uhFE8LZE7ypwsIL+FgDP2x5Q=
github.com/Eacred/eacrd/dcrec/secp256k1/v2 v2.0.2 h1:u4XpHqlscRolxPxt2YHrFBDVZYY1AK+KMV02H1r+HmU=
github.com/Eacred/eacrd/dcrec/secp256k1/v2 v2.0.2/go.mod h1:PyoWuLXpxtzmLKQCzUthyR5ckRzZBoodDgb6LJZNyTs=
github.com/Eacred/eacrd/dcrec/secp256k1/v2 v2.0.2/go.mod h1:PyoWuLXpxtzmLKQCzUthyR5ckRzZBoodDgb6LJZNyTs=
github.com/Eacred/eacrd/dcrec/secp256k1/v2 v2.0.2/go.mod h1:eCL8H4MYYjRvsw2TuANvEOcVMFbmi9rt/6hJUWU5wlU=
github.com/Eacred/eacrd/dcrjson/v3 v3.0.0 h1:yDrNFvyn2l/557iZHB236jTqQjAmhZnVaFgMb2vm0UM=
github.com/Eacred/eacrd/dcrjson/v3 v3.0.0/go.mod h1:pWYlHJ3VFidPwqD5HHiJXjfGaplif8uspAL2qFdifkY=
github.com/Eacred/eacrd/dcrjson/v3 v3.0.1/go.mod h1:fnTHev/ABGp8IxFudDhjGi9ghLiXRff1qZz/wvq12Mg=
github.com/Eacred/eacrd/dcrjson/v3 v3.0.1/go.mod h1:fnTHev/ABGp8IxFudDhjGi9ghLiXRff1qZz/wvq12Mg=
github.com/Eacred/eacrd/dcrjson/v3 v3.0.3 h1:VUi4lG4M0X29EPjVTHTGPiQS6P8BPn1HoQBbmssHs0U=
github.com/Eacred/eacrd/dcrjson/v3 v3.0.3 h1:u0ON3IZ8/fqoA624HPNBsWYjIgBtC82DGMtq35bthhI=
github.com/Eacred/eacrd/dcrjson/v3 v3.0.3/go.mod h1:WsVk3ojSM4CCETzbT9XHteJxLKGFdFYVyVyoqgvq9zc=
github.com/Eacred/eacrd/dcrjson/v3 v3.0.3/go.mod h1:WsVk3ojSM4CCETzbT9XHteJxLKGFdFYVyVyoqgvq9zc=
github.com/Eacred/eacrd/dcrutil v1.2.0 h1:Pd5Wf650g6Xu6luYDfGkh1yiUoPUAgqzRu6K+BGyJGg=
github.com/Eacred/eacrd/dcrutil v1.2.0/go.mod h1:tUNHS2gj7ApeEVS8gb6O+4wJW7w3O2MSRyRdcjW1JxU=
github.com/Eacred/eacrd/dcrutil v1.3.0/go.mod h1:7fUT70QAarhDwQK62g92uDbbYpjXlXngpy5RBiecufo=
github.com/Eacred/eacrd/dcrutil v2.0.0/go.mod h1:gUshVAXpd51DlcEhr51QfWL2HJGkMDM1U8chY+9VvQg=
github.com/Eacred/eacrd/dcrutil v2.0.0/go.mod h1:gUshVAXpd51DlcEhr51QfWL2HJGkMDM1U8chY+9VvQg=
github.com/Eacred/eacrd/dcrutil v2.0.1/go.mod h1:JdEgF6eh0TTohPeiqDxqDSikTSvAczq0J7tFMyyeD+k=
github.com/Eacred/eacrd/dcrutil v2.0.1/go.mod h1:JdEgF6eh0TTohPeiqDxqDSikTSvAczq0J7tFMyyeD+k=
github.com/Eacred/eacrd/dcrutil v2.0.5 h1:mWFuzRxOsYs0ibybYXK4Hn7wRsbCvmRxbfKBOnCEU5s=
github.com/Eacred/eacrd/dcrutil v2.0.5 h1:mWFuzRxOsYs0ibybYXK4Hn7wRsbCvmRxbfKBOnCEU5s=
github.com/Eacred/eacrd/dcrutil v2.0.5 h1:xD5aUqysGQnsnP1c9J0kGeW8lDIwFGC3ja/gE3HnpCs=
github.com/Eacred/eacrd/dcrutil v2.0.5 h1:zOkGiumN/JkobhAgpG/zfFgUoolGKVGYT5na1hbYUoE=
github.com/Eacred/eacrd/dcrutil v2.0.5/go.mod h1:8v092Mpn2rhc7MSYxDXOrAKoxAw4aZ0LCC+VXevr/ew=
github.com/Eacred/eacrd/dcrutil v2.0.5/go.mod h1:8v092Mpn2rhc7MSYxDXOrAKoxAw4aZ0LCC+VXevr/ew=
github.com/Eacred/eacrd/dcrutil v2.0.5/go.mod h1:8v092Mpn2rhc7MSYxDXOrAKoxAw4aZ0LCC+VXevr/ew=
github.com/Eacred/eacrd/dcrutil v2.0.5/go.mod h1:JdEgF6eh0TTohPeiqDxqDSikTSvAczq0J7tFMyyeD+k=
github.com/Eacred/eacrd/gcs v1.1.0/go.mod h1:yBjhj217Vw5lw3aKnCdHip7fYb9zwMos8bCy5s79M9w=
github.com/Eacred/eacrd/gcs v1.1.0/go.mod h1:yBjhj217Vw5lw3aKnCdHip7fYb9zwMos8bCy5s79M9w=
github.com/Eacred/eacrd/gcs v2.0.0/go.mod h1:3XjKcrtvB+r2ezhIsyNCLk6dRnXRJVyYmsd1P3SkU3o=
github.com/Eacred/eacrd/gcs v2.0.0/go.mod h1:3XjKcrtvB+r2ezhIsyNCLk6dRnXRJVyYmsd1P3SkU3o=
github.com/Eacred/eacrd/gcs v2.0.7/go.mod h1:KlXylPfPG7TXhLqzHhNGbynHMcshEaJhgrn/6034qV8=
github.com/Eacred/eacrd/gcs v2.0.11 h1:2cUpOnmFXBVffKVgrStzhCJoF8z/fMLOPp13rDRKQaw=
github.com/Eacred/eacrd/gcs v2.0.11 h1:wZjxeC9WPBoRApaAQpBrzvN9NA0iS2KWrTJa9IiDgc8=
github.com/Eacred/eacrd/gcs v2.0.11/go.mod h1:KlXylPfPG7TXhLqzHhNGbynHMcshEaJhgrn/6034qV8=
github.com/Eacred/eacrd/gcs v2.0.11/go.mod h1:KlXylPfPG7TXhLqzHhNGbynHMcshEaJhgrn/6034qV8=
github.com/Eacred/eacrd/gcs v2.0.11/go.mod h1:KlXylPfPG7TXhLqzHhNGbynHMcshEaJhgrn/6034qV8=
github.com/Eacred/eacrd/hdkeychain v2.0.0 h1:b6GklXT+LeDumc0bDqMHkss+p2Bu+mgiUDhjAX01LOc=
github.com/Eacred/eacrd/hdkeychain v2.0.0/go.mod h1:tG+VpXfloIkNGHGd6NeoTElHWA68Wf1aP87zegXDGEw=
github.com/Eacred/eacrd/hdkeychain v2.0.0/go.mod h1:tG+VpXfloIkNGHGd6NeoTElHWA68Wf1aP87zegXDGEw=
github.com/Eacred/eacrd/hdkeychain v2.1.0/go.mod h1:DR+lD4uV8G0i3c9qnUJwjiGaaEWK+nSrbWCz1BRHBL8=
github.com/Eacred/eacrd/hdkeychain v2.1.0/go.mod h1:DR+lD4uV8G0i3c9qnUJwjiGaaEWK+nSrbWCz1BRHBL8=
github.com/Eacred/eacrd/hdkeychain v2.1.3 h1:mad0OLTNhxrqrin6NDQyEInvSPEIIsiejTSELkfFEL4=
github.com/Eacred/eacrd/hdkeychain v2.1.3/go.mod h1:DBWkCo9hsZZJHpi1QLB8b0r+hgk3WOM7LJpCsQda+3g=
github.com/Eacred/eacrd/hdkeychain v2.1.3/go.mod h1:DBWkCo9hsZZJHpi1QLB8b0r+hgk3WOM7LJpCsQda+3g=
github.com/Eacred/eacrd/rpc/jsonrpc/types v1.0.0 h1:d5ptnjuSADTQMa3i83VpeJNoMRTOJZZBqk7P+E41VXM=
github.com/Eacred/eacrd/rpc/jsonrpc/types v1.0.0 h1:d5ptnjuSADTQMa3i83VpeJNoMRTOJZZBqk7P+E41VXM=
github.com/Eacred/eacrd/rpc/jsonrpc/types v1.0.0/go.mod h1:0dwmpIP21tJxjg/UuUHWIFMbfoLv2ifCBMokNKlOxpo=
github.com/Eacred/eacrd/rpc/jsonrpc/types v1.0.0/go.mod h1:0dwmpIP21tJxjg/UuUHWIFMbfoLv2ifCBMokNKlOxpo=
github.com/Eacred/eacrd/rpc/jsonrpc/types v1.0.1/go.mod h1:dJUp9PoyFYklzmlImpVkVLOr6j4zKuUv66YgemP2sd8=
github.com/Eacred/eacrd/rpc/jsonrpc/types v1.0.1/go.mod h1:dJUp9PoyFYklzmlImpVkVLOr6j4zKuUv66YgemP2sd8=
github.com/Eacred/eacrd/rpc/jsonrpc/types v2.0.2 h1:eIw/SxbyWxGCayqmKdkNkEdBAWLwveYP1IKI6D5JyvY=
github.com/Eacred/eacrd/rpc/jsonrpc/types v2.0.2/go.mod h1:8XL+verDXNEp9sdA0mX6C36AQk1VstsgO5kcAeQHztc=
github.com/Eacred/eacrd/rpcclient v1.1.0 h1:h4yyVk848LhbOOKRnk3gVBZ1To1y0m03XG8flzr3e14=
github.com/Eacred/eacrd/rpcclient/v5 v5.0.7 h1:9brEH2ygGIo4YKrO+wbkF1U/i5OL90DyGwD3xauhj1w=
github.com/Eacred/eacrd/rpcclient/v5 v5.0.7/go.mod h1:OM3cHAcy8bCAZb7Zewu2uL6gC26GOs/rAyRvG1mE1MU=
github.com/Eacred/eacrd/txscript v2.0.0 h1:So+NcQY58mDHDN2N2edED5syGZp2ed8Ltxj8mDE5CAs=
github.com/Eacred/eacrd/txscript v2.0.0/go.mod h1:WStcyYYJa+PHJB4XjrLDRzV96/Z4thtsu8mZoVrU6C0=
github.com/Eacred/eacrd/txscript v2.0.0/go.mod h1:WStcyYYJa+PHJB4XjrLDRzV96/Z4thtsu8mZoVrU6C0=
github.com/Eacred/eacrd/txscript v2.0.0/go.mod h1:WStcyYYJa+PHJB4XjrLDRzV96/Z4thtsu8mZoVrU6C0=
github.com/Eacred/eacrd/txscript v2.1.0/go.mod h1:XaJAVrZU4NWRx4UEzTiDAs86op1m8GRJLz24SDBKOi0=
github.com/Eacred/eacrd/txscript v2.1.0/go.mod h1:XaJAVrZU4NWRx4UEzTiDAs86op1m8GRJLz24SDBKOi0=
github.com/Eacred/eacrd/txscript v2.1.3 h1:8rlzLUd4zqUNAQ5X/UDWtcUzYNT3mvkn863U7BlubSA=
github.com/Eacred/eacrd/txscript v2.1.3 h1:IMgxZFCw3AyG4EbKwywE3SDNshOSHsoUK1Wk/5GqWJ0=
github.com/Eacred/eacrd/txscript v2.1.3 h1:MwkLXdc4Yq83oeNNEQJdlBTkNlorKXn8Nd5W2JXyMZg=
github.com/Eacred/eacrd/txscript v2.1.3/go.mod h1:qXCd9Rs6bgUgRI76vWHNKkCpIY//uzWSATkTGsEbct4=
github.com/Eacred/eacrd/txscript v2.1.3/go.mod h1:qXCd9Rs6bgUgRI76vWHNKkCpIY//uzWSATkTGsEbct4=
github.com/Eacred/eacrd/txscript v2.1.3/go.mod h1:qXCd9Rs6bgUgRI76vWHNKkCpIY//uzWSATkTGsEbct4=
github.com/Eacred/eacrd/wire v1.2.0 h1:HqJVB7vcklIguzFWgRXw/WYCQ9cD3bUC5TKj53i1Hng=
github.com/Eacred/eacrd/wire v1.2.0/go.mod h1:/JKOsLInOJu6InN+/zH5AyCq3YDIOW/EqcffvU8fJHM=
github.com/Eacred/eacrd/wire v1.2.0/go.mod h1:/JKOsLInOJu6InN+/zH5AyCq3YDIOW/EqcffvU8fJHM=
github.com/Eacred/eacrd/wire v1.3.0 h1:X76I2/a8esUmxXmFpJpAvXEi014IA4twgwcOBeIS8lE=
github.com/Eacred/eacrd/wire v1.3.0/go.mod h1:fnKGlUY2IBuqnpxx5dYRU5Oiq392OBqAuVjRVSkIoXM=
github.com/Eacred/eacrd/wire v1.3.0/go.mod h1:fnKGlUY2IBuqnpxx5dYRU5Oiq392OBqAuVjRVSkIoXM=
github.com/Eacred/eacrd/wire v1.3.2 h1:jeMA6O3HwmE34HMQKGe274O3AVNeNbd9gUwVVeQ80mo=
github.com/Eacred/eacrd/wire v1.3.2 h1:jeMA6O3HwmE34HMQKGe274O3AVNeNbd9gUwVVeQ80mo=
github.com/Eacred/eacrd/wire v1.3.2 h1:jeMA6O3HwmE34HMQKGe274O3AVNeNbd9gUwVVeQ80mo=
github.com/Eacred/eacrd/wire v1.3.2/go.mod h1:CJv9fWPOf8JdaNjL7bPn0X4uDKCMVAOF6oZ0TzQTxxg=
github.com/Eacred/eacrd/wire v1.3.2/go.mod h1:CJv9fWPOf8JdaNjL7bPn0X4uDKCMVAOF6oZ0TzQTxxg=
github.com/Eacred/eacrd/wire v1.3.2/go.mod h1:CJv9fWPOf8JdaNjL7bPn0X4uDKCMVAOF6oZ0TzQTxxg=
github.com/Eacred/ecrwallet/chain v1.1.1 h1:aoIW9lsQF5vXHdndkLogiIYAixSXcTfCDRchLcUhAR4=
github.com/Eacred/ecrwallet/chain v5.0.1 h1:UgjmWBTHM0cdge8u/8Qap6rgITGo6RTJlRZM9oou+K0=
github.com/Eacred/ecrwallet/chain v5.0.1/go.mod h1:fmcIU2PcTucys61kQaROK5TLq2hIKdu/CUERyXUVjmE=
github.com/Eacred/ecrwallet/chain/v5 v5.0.1 h1:UgjmWBTHM0cdge8u/8Qap6rgITGo6RTJlRZM9oou+K0=
github.com/Eacred/ecrwallet/chain/v5 v5.0.1/go.mod h1:fmcIU2PcTucys61kQaROK5TLq2hIKdu/CUERyXUVjmE=
github.com/Eacred/ecrwallet/deployments/v2 v2.0.1/go.mod h1:V3oUZB4mzxJgj2BmD1rGP7AcspqxBrLrI0V2FboOvfw=
github.com/Eacred/ecrwallet/errors v1.1.0 h1:JSW2q2u8P3DK2jSzqRSNNFbXXi82/itC1MNeVHll9nE=
github.com/Eacred/ecrwallet/errors v2.0.1 h1:h3N9Sma+amr1oIFMBvkmwqLqawpP0fnB1VcSPz2qF2k=
github.com/Eacred/ecrwallet/errors v2.0.1/go.mod h1:j1sBGwlEjYXqP4IGd5wcO0hf8ExAWOEcNbF3niuALnI=
github.com/Eacred/ecrwallet/lru v1.0.1 h1:h9JYuHmTEmTSfmbDkIbhLnuacd90+AKbj2HwPWtOmS8=
github.com/Eacred/ecrwallet/lru v1.0.1/go.mod h1:qHnFzWoiIUXNKWDwwZc2giaZey0QVYZXXCPuONVI9lU=
github.com/Eacred/ecrwallet/p2p v1.0.1 h1:LiHbsIfNNAaMxYNOFyyQfYWdXPRqBD9gbqoRCx4g2OQ=
github.com/Eacred/ecrwallet/p2p v3.0.5 h1:CT9cG0jTU4I6ALHcJzev41IyMemaNgu8+180azJWojo=
github.com/Eacred/ecrwallet/p2p v3.0.5/go.mod h1:bj7f/1eBQOu0br60hUTrmv+k/jAwRIQTLmgld3hcwlA=
github.com/Eacred/ecrwallet/rpc/client/dcrd v1.0.3 h1:V8sL2XOn4TWctCQnEu9oCym2AVCCrGQ8MtCALoLAWyw=
github.com/Eacred/ecrwallet/rpc/client/dcrd v1.0.3/go.mod h1:68h0NsrAy/7q8wFVoFcNstC1m1s3UrTpWpOeoAfAKXE=
github.com/Eacred/ecrwallet/rpc/client/dcrd/v3 v3.0.2 h1:frNbv9DDZLIMIzt7F7KyQcrymmON83lei3bk2mRdDU0=
github.com/Eacred/ecrwallet/rpc/client/dcrd/v3 v3.0.2/go.mod h1:imnAoOKqobag2LLa1VYi+ZPpwfhXNLOgONgHijLfAkw=
github.com/Eacred/ecrwallet/rpc/jsonrpc/types v1.4.3 h1:QgBS/4poZmhT4HJ92NLr+dle3vbes+tt5lnSdTMXvQw=
github.com/Eacred/ecrwallet/rpc/jsonrpc/types v1.4.3/go.mod h1:jWtL5EinZCVimq5EfXc35sZe4JzVCuPDoIW7kzmzLGI=
github.com/Eacred/ecrwallet/rpc/jsonrpc/types v1.4.4 h1:w6kuY6GyMr6xEOTE6MAASgk7iRZzhKywx3soYJXMORU=
github.com/Eacred/ecrwallet/rpc/jsonrpc/types v1.4.4/go.mod h1:jWtL5EinZCVimq5EfXc35sZe4JzVCuPDoIW7kzmzLGI=
github.com/Eacred/ecrwallet/spv v1.1.1 h1:YBXLA+kXyxSFsmFOoNHyubYBK4/6wYs5HOXtM/s3WFs=
github.com/Eacred/ecrwallet/ticketbuyer v1.0.2 h1:LDndL9wpGWoCLWrvFsOZnNX9zDMYBVYPGqpNt3fs+5g=
github.com/Eacred/ecrwallet/validate v1.1.2/go.mod h1:pKiyQdI27IQkQ1WLdTI5WRoEWBtogyC5GVCz0OSNuGA=
github.com/Eacred/ecrwallet/version v1.0.4 h1:cDrR+LlvCSfTKG6Jy0XzFQnhAyhlMgTeOJVCQyeG6hk=
github.com/Eacred/ecrwallet/version v1.0.4/go.mod h1:SuDcNuUbkeVPCo5Igb2UWWjt8I4JOarMZ7//Vxi7+Uo=
github.com/Eacred/ecrwallet/wallet v1.3.0 h1:Q41xkuGsKLHNjMRXODeRsOox5zrpcm4YIcW7n38Mnac=
github.com/Eacred/ecrwallet/wallet/v3 v3.1.8/go.mod h1:ioTtc0PaB5FWqtrT2ByG9N23F6YxT/3zI2mV6vIIqW4=
github.com/Eacred/go-socks v1.0.0 h1:gd5+vE9LmL+FYiN5cxAMtaAVb791mG8E/+Jo411M/BE=
github.com/Eacred/go-socks v1.0.0/go.mod h1:In3Ct6PbUZu/VSMVan+nINZ94hjqEMIvkXzUDv++xoI=
github.com/Eacred/go-socks v1.1.1 h1:YIxpynZ6S8m5grSsw4GOTJnRas9x9sGR8ucb5sxiIA8=
github.com/Eacred/go-socks v1.1.1/go.mod h1:In3Ct6PbUZu/VSMVan+nINZ94hjqEMIvkXzUDv++xoI=
github.com/Eacred/slog v1.0.0 h1:Dl+W8O6/JH6n2xIFN2p3DNjCmjYwvrXsjlSJTQQ4MhE=
github.com/Eacred/slog v1.0.0/go.mod h1:zR98rEZHSnbZ4WHZtO0iqmSZjDLKhkXfrPTZQKtAonQ=
github.com/Eacred/slog v1.0.1 h1:ByTpq4yLFFMY2HrjAg/JAdbDIHKNbsQZfVWqpe/K5Bs=
github.com/Eacred/slog v1.0.1/go.mod h1:9N/VWqDSJF5hwE+AS3UZxqQiQBsHCpwqsC426lY+/rc=
github.com/agl/ed25519 v0.0.0-20170116200512-5312a6153412 h1:w1UutsfOrms1J05zt7ISrnJIXKzwaspym5BTKGx93EI=
github.com/agl/ed25519 v0.0.0-20170116200512-5312a6153412/go.mod h1:WPjqKcmVOxf0XSf3YxCJs6N6AOSrOx3obionmG7T0y0=
github.com/btcsuite/goleveldb v1.0.0 h1:Tvd0BfvqX9o823q1j2UZ/epQo09eJh6dTcRp79ilIN4=
github.com/btcsuite/goleveldb v1.0.0/go.mod h1:QiK9vBlgftBg6rWQIj6wFzbPfRjiykIEhBH4obrXJ/I=
github.com/btcsuite/snappy-go v1.0.0 h1:ZxaA6lo2EpxGddsA8JwWOcxlzRybb444sgmeJQMJGQE=
github.com/btcsuite/snappy-go v1.0.0/go.mod h1:8woku9dyThutzjeg+3xrA5iCpBRH8XEEg3lh6TiUghc=
github.com/census-instrumentation/opencensus-proto v0.2.1/go.mod h1:f6KPmirojxKA12rnyqOA5BBL4O983OfeGPqjHWSTneU=
github.com/client9/misspell v0.3.4/go.mod h1:qj6jICC3Q7zFZvVWo7KLAzC3yx5G7kyvSDkc90ppPyw=
github.com/davecgh/go-spew v1.1.0 h1:ZDRjVQ15GmhC3fiQ8ni8+OwkZQO4DARzQgrnXU1Liz8=
github.com/davecgh/go-spew v1.1.0/go.mod h1:J7Y8YcW2NihsgmVo/mv3lAwl/skON4iLHjSsI+c5H38=
github.com/davecgh/go-spew v1.1.1 h1:vj9j/u1bqnvCEfJOwUhtlOARqs3+rkHYY13jYWTU97c=
github.com/davecgh/go-spew v1.1.1/go.mod h1:J7Y8YcW2NihsgmVo/mv3lAwl/skON4iLHjSsI+c5H38=
github.com/dchest/blake256 v1.0.0 h1:6gUgI5MHdz9g0TdrgKqXsoDX+Zjxmm1Sc6OsoGru50I=
github.com/dchest/blake256 v1.0.0/go.mod h1:xXNWCE1jsAP8DAjP+rKw2MbeqLczjI3TRx2VK+9OEYY=
github.com/dchest/siphash v1.2.0 h1:YWOShuhvg0GqbQpMa60QlCGtEyf7O7HC1Jf0VjdQ60M=
github.com/dchest/siphash v1.2.0/go.mod h1:q+IRvb2gOSrUnYoPqHiyHXS0FOBBOdl6tONBlVnOnt4=
github.com/dchest/siphash v1.2.1 h1:4cLinnzVJDKxTCl9B01807Yiy+W7ZzVHj/KIroQRvT4=
github.com/dchest/siphash v1.2.1/go.mod h1:q+IRvb2gOSrUnYoPqHiyHXS0FOBBOdl6tONBlVnOnt4=
github.com/decred/base58 v1.0.0/go.mod h1:LLY1p5e3g91byL/UO1eiZaYd+uRoVRarybgcoymu9Ks=
github.com/decred/base58 v1.0.1/go.mod h1:H2ENcsJjye1G7CbRa67kV9OFaui0LGr56ntKKoY5g9c=
github.com/decred/dcrd/blockchain/stake/v2 v2.0.0/go.mod h1:jv/rKMcZ87lhvVkHot/tElxeAYEUJ3mnKPHJ7WPq86U=
github.com/decred/dcrd/blockchain/stake/v2 v2.0.2/go.mod h1:o2TT/l/YFdrt15waUdlZ3g90zfSwlA0WgQqHV9UGJF4=
github.com/decred/dcrd/blockchain/standalone v1.1.0/go.mod h1:6K8ZgzlWM1Kz2TwXbrtiAvfvIwfAmlzrtpA7CVPCUPE=
github.com/decred/dcrd/blockchain/v2 v2.1.0/go.mod h1:DBmX26fUDTQocIozF44Ydo5+m+QzaC6aMYMBFFsCOJs=
github.com/decred/dcrd/chaincfg/chainhash v1.0.1/go.mod h1:OVfvaOsNLS/A1y4Eod0Ip/Lf8qga7VXCQjUQLbkY0Go=
github.com/decred/dcrd/chaincfg/chainhash v1.0.2/go.mod h1:BpbrGgrPTr3YJYRN3Bm+D9NuaFd+zGyNeIKgrhCXK60=
github.com/decred/dcrd/chaincfg/v2 v2.0.2/go.mod h1:hpKvhLCDAD/xDZ3V1Pqpv9fIKVYYi11DyxETguazyvg=
github.com/decred/dcrd/chaincfg/v2 v2.1.0/go.mod h1:hpKvhLCDAD/xDZ3V1Pqpv9fIKVYYi11DyxETguazyvg=
github.com/decred/dcrd/chaincfg/v2 v2.3.0/go.mod h1:7qUJTvn+y/kswSRZ4sT2+EmvlDTDyy2InvNFtX/hxk0=
github.com/decred/dcrd/crypto/blake256 v1.0.0/go.mod h1:sQl2p6Y26YV+ZOcSTP6thNdn47hh8kt6rqSlvmrXFAc=
github.com/decred/dcrd/crypto/ripemd160 v1.0.0/go.mod h1:F0H8cjIuWTRoixr/LM3REB8obcWkmYx0gbxpQWR8RPg=
github.com/decred/dcrd/database/v2 v2.0.0/go.mod h1:Sj2lvTRB0mfSu9uD7ObfwCY/eJ954GFU/X+AndJIyfE=
github.com/decred/dcrd/database/v2 v2.0.1/go.mod h1:ZOaWTv3IlNqCA+y7q3q5EozgmiDOmNwCSq3ntZn2CDo=
github.com/decred/dcrd/dcrec v1.0.0/go.mod h1:HIaqbEJQ+PDzQcORxnqen5/V1FR3B4VpIfmePklt8Q8=
github.com/decred/dcrd/dcrec/edwards v1.0.0/go.mod h1:HblVh1OfMt7xSxUL1ufjToaEvpbjpWvvTAUx4yem8BI=
github.com/decred/dcrd/dcrec/edwards/v2 v2.0.0/go.mod h1:d0H8xGMWbiIQP7gN3v2rByWUcuZPm9YsgmnfoxgbINc=
github.com/decred/dcrd/dcrec/secp256k1 v1.0.1/go.mod h1:lhu4eZFSfTJWUnR3CFRcpD+Vta0KUAqnhTsTksHXgy0=
github.com/decred/dcrd/dcrec/secp256k1 v1.0.2/go.mod h1:CHTUIVfmDDd0KFVFpNX1pFVCBUegxW387nN0IGwNKR0=
github.com/decred/dcrd/dcrec/secp256k1/v2 v2.0.0/go.mod h1:3s92l0paYkZoIHuj4X93Teg/HB7eGM9x/zokGw+u4mY=
github.com/decred/dcrd/dcrjson/v3 v3.0.1/go.mod h1:fnTHev/ABGp8IxFudDhjGi9ghLiXRff1qZz/wvq12Mg=
github.com/decred/dcrd/dcrutil/v2 v2.0.0/go.mod h1:gUshVAXpd51DlcEhr51QfWL2HJGkMDM1U8chY+9VvQg=
github.com/decred/dcrd/dcrutil/v2 v2.0.1/go.mod h1:JdEgF6eh0TTohPeiqDxqDSikTSvAczq0J7tFMyyeD+k=
github.com/decred/dcrd/gcs v1.1.0/go.mod h1:yBjhj217Vw5lw3aKnCdHip7fYb9zwMos8bCy5s79M9w=
github.com/decred/dcrd/gcs/v2 v2.0.0/go.mod h1:3XjKcrtvB+r2ezhIsyNCLk6dRnXRJVyYmsd1P3SkU3o=
github.com/decred/dcrd/hdkeychain/v2 v2.1.0/go.mod h1:DR+lD4uV8G0i3c9qnUJwjiGaaEWK+nSrbWCz1BRHBL8=
github.com/decred/dcrd/rpc/jsonrpc/types v1.0.1/go.mod h1:dJUp9PoyFYklzmlImpVkVLOr6j4zKuUv66YgemP2sd8=
github.com/decred/dcrd/txscript/v2 v2.0.0/go.mod h1:WStcyYYJa+PHJB4XjrLDRzV96/Z4thtsu8mZoVrU6C0=
github.com/decred/dcrd/txscript/v2 v2.1.0/go.mod h1:XaJAVrZU4NWRx4UEzTiDAs86op1m8GRJLz24SDBKOi0=
github.com/decred/dcrd/wire v1.2.0/go.mod h1:/JKOsLInOJu6InN+/zH5AyCq3YDIOW/EqcffvU8fJHM=
github.com/decred/dcrd/wire v1.3.0/go.mod h1:fnKGlUY2IBuqnpxx5dYRU5Oiq392OBqAuVjRVSkIoXM=
github.com/decred/dcrwallet v1.5.0 h1:9upGfaogh6Xl4cdbICgN0xH81rmOIGMZvM8U//5Tgug=
github.com/decred/dcrwallet/deployments/v2 v2.0.0/go.mod h1:fY1HV1vIeeY5bHjrMknUhB/ZOVIfthBiUlSgRqFFKrg=
github.com/decred/dcrwallet/errors/v2 v2.0.0 h1:b3QHoQNjKkrcO0GSpueeHvFKp5eqtRv9aw649MDyejA=
github.com/decred/dcrwallet/errors/v2 v2.0.0/go.mod h1:2HYvtRuCE9XqDNCWhKmBuzLG364xUgcUIsJu02r0F5Q=
github.com/decred/dcrwallet/rpc/client/dcrd v1.0.0/go.mod h1:qrJri+p+cn+obQ8nkW5hTtagPcOnCqKPGBq1t02gBc0=
github.com/decred/dcrwallet/rpc/jsonrpc/types v1.3.0/go.mod h1:Xvekb43GtfMiRbyIY4ZJ9Uhd9HRIAcnp46f3q2eIExU=
github.com/decred/dcrwallet/validate v1.1.1/go.mod h1:T++tlVcCOh2oSrEq4r5CKCvmftaQdq9uZwO7jSNYZaw=
github.com/decred/dcrwallet/wallet v1.3.0 h1:RQ4uHIfbDF0ppyeVDkTr7GapeABCddUUKOSexTN7X1M=
github.com/decred/dcrwallet/wallet/v3 v3.2.1 h1:oPm/xauyMJPt4TBkhRWEO+j18FP/fMbtJM74eQR5/bg=
github.com/decred/dcrwallet/wallet/v3 v3.2.1/go.mod h1:SJ+++gtMdcUeqMv6iIO3gVGlGJfM+4iY2QSaAakhbUw=
github.com/decred/go-socks v1.1.0/go.mod h1:sDhHqkZH0X4JjSa02oYOGhcGHYp12FsY1jQ/meV8md0=
github.com/decred/slog v1.0.0/go.mod h1:zR98rEZHSnbZ4WHZtO0iqmSZjDLKhkXfrPTZQKtAonQ=
github.com/envoyproxy/go-control-plane v0.9.1-0.20191026205805-5f8ba28d4473/go.mod h1:YTl/9mNaCwkRvm6d1a2C3ymFceY/DCBVvsKhRF0iEA4=
github.com/envoyproxy/protoc-gen-validate v0.1.0/go.mod h1:iSmxcyjqTsJpI2R4NaDN7+kN2VEUnK/pcBlmesArF7c=
github.com/fsnotify/fsnotify v1.4.7 h1:IXs+QLmnXW2CcXuY+8Mzv/fWEsPGWxqefPtCP5CnV9I=
github.com/fsnotify/fsnotify v1.4.7/go.mod h1:jwhsz4b93w/PPRr/qN1Yymfu8t87LnFCMoQvtojpjFo=
github.com/golang/glog v0.0.0-20160126235308-23def4e6c14b h1:VKtxabqXZkF25pY9ekfRL6a582T4P37/31XEstQ5p58=
github.com/golang/glog v0.0.0-20160126235308-23def4e6c14b/go.mod h1:SBH7ygxi8pfUlaOkMMuAQtPIUF8ecWP5IEl/CR7VP2Q=
github.com/golang/mock v1.1.1/go.mod h1:oTYuIxOrZwtPieC+H1uAHpcLFnEyAGVDL/k47Jfbm0A=
github.com/golang/protobuf v1.2.0 h1:P3YflyNX/ehuJFLhxviNdFxQPkGK5cDcApsge1SqnvM=
github.com/golang/protobuf v1.2.0/go.mod h1:6lQm79b+lXiMfvg/cZm0SGofjICqVBUtrP5yJMmIC1U=
github.com/golang/protobuf v1.3.2 h1:6nsPYzhq5kReh6QImI3k5qWzO4PEbvbIW2cwSfR/6xs=
github.com/golang/protobuf v1.3.2/go.mod h1:6lQm79b+lXiMfvg/cZm0SGofjICqVBUtrP5yJMmIC1U=
github.com/google/go-cmp v0.2.0 h1:+dTQ8DZQJz0Mb/HjFlkptS1FeQ4cWSnN941F8aEG4SQ=
github.com/google/go-cmp v0.2.0/go.mod h1:oXzfMopK8JAjlY9xF4vHSVASa0yLyX7SntLO5aqRK0M=
github.com/gorilla/websocket v1.4.0 h1:WDFjx/TMzVgy9VdMMQi2K2Emtwi2QcUQsztZ/zLaH/Q=
github.com/gorilla/websocket v1.4.0/go.mod h1:E7qHFY5m1UJ88s3WnNqhKjPHQ0heANvMoAMk2YaljkQ=
github.com/gorilla/websocket v1.4.1 h1:q7AeDBpnBk8AogcD4DSag/Ukw/KV+YhzLj2bP5HvKCM=
github.com/gorilla/websocket v1.4.1/go.mod h1:YR8l580nyteQvAITg2hZ9XVh4b55+EU/adAjf1fMHhE=
github.com/hpcloud/tail v1.0.0 h1:nfCOvKYfkgYP8hkirhJocXT2+zOD8yUNjXaWfTlyFKI=
github.com/hpcloud/tail v1.0.0/go.mod h1:ab1qPbhIpdTxEkNHXyeSf5vhxWSCs/tWer42PpOxQnU=
github.com/jessevdk/go-flags v1.4.0 h1:4IU2WS7AumrZ/40jfhf4QVDMsQwqA7VEHozFRrGARJA=
github.com/jessevdk/go-flags v1.4.0/go.mod h1:4FA24M0QyGHXBuZZK/XkWh8h0e1EYbRYJSGM75WSRxI=
github.com/jrick/bitset v1.0.0 h1:Ws0PXV3PwXqWK2n7Vz6idCdrV/9OrBXgHEJi27ZB9Dw=
github.com/jrick/bitset v1.0.0/go.mod h1:ZOYB5Uvkla7wIEY4FEssPVi3IQXa02arznRaYaAEPe4=
github.com/jrick/logrotate v1.0.0 h1:lQ1bL/n9mBNeIXoTUoYRlK4dHuNJVofX9oWqBtPnSzI=
github.com/jrick/logrotate v1.0.0/go.mod h1:LNinyqDIJnpAur+b8yyulnQw/wDuN1+BYKlTRt3OuAQ=
github.com/jrick/wsrpc/v2 v2.0.0 h1:f0ACoYeSG0fUNpA42gPpDdZ/xzYLUxZjT1F4L+HLTgY=
github.com/jrick/wsrpc/v2 v2.0.0/go.mod h1:naH/fojac6vQWYgAA0e7b9TX/bShsWoVL7CwrdvFmUk=
github.com/jrick/wsrpc/v2 v2.1.5 h1:V30d6h++lUmkxqLnnLpUwJxhItU6+4znGe/4a8lNIrE=
github.com/jrick/wsrpc/v2 v2.1.5/go.mod h1:naH/fojac6vQWYgAA0e7b9TX/bShsWoVL7CwrdvFmUk=
github.com/jrick/wsrpc/v2 v2.2.0 h1:6/vdMn8DhCg2gYedvZL2C44cyWv9JCw62tK3+9popMU=
github.com/jrick/wsrpc/v2 v2.2.0/go.mod h1:naH/fojac6vQWYgAA0e7b9TX/bShsWoVL7CwrdvFmUk=
github.com/kr/pretty v0.1.0 h1:L/CwN0zerZDmRFUapSPitk6f+Q3+0za1rQkzVuMiMFI=
github.com/kr/pretty v0.1.0/go.mod h1:dAy3ld7l9f0ibDNOQOHHMYYIIbhfbHSm3C4ZsoJORNo=
github.com/kr/pty v1.1.1/go.mod h1:pFQYn66WHrOpPYNljwOMqo10TkYh1fy3cYio2l3bCsQ=
github.com/kr/text v0.1.0 h1:45sCR5RtlFHMR4UwH9sdQ5TC8v0qDQCHnXt+kaKSTVE=
github.com/kr/text v0.1.0/go.mod h1:4Jbv+DJW3UT/LiOwJeYQe1efqtUx/iVham/4vfdArNI=
github.com/onsi/ginkgo v1.6.0 h1:Ix8l273rp3QzYgXSR+c8d1fTG7UPgYkOSELPhiY/YGw=
github.com/onsi/ginkgo v1.6.0/go.mod h1:lLunBs/Ym6LB5Z9jYTR76FiuTmxDTDusOGeTQH+WWjE=
github.com/onsi/ginkgo v1.7.0 h1:WSHQ+IS43OoUrWtD1/bbclrwK8TTH5hzp+umCiuxHgs=
github.com/onsi/ginkgo v1.7.0/go.mod h1:lLunBs/Ym6LB5Z9jYTR76FiuTmxDTDusOGeTQH+WWjE=
github.com/onsi/gomega v1.4.1 h1:PZSj/UFNaVp3KxrzHOcS7oyuWA7LoOY/77yCTEFu21U=
github.com/onsi/gomega v1.4.1/go.mod h1:C1qb7wdrVGGVU+Z6iS04AVkA3Q65CEZX59MT0QO5uiA=
github.com/onsi/gomega v1.4.3 h1:RE1xgDvH7imwFD45h+u2SgIfERHlS2yNG4DObb5BSKU=
github.com/onsi/gomega v1.4.3/go.mod h1:ex+gbHU/CVuBBDIJjb2X0qEXbFg53c61hWP/1CpauHY=
github.com/prometheus/client_model v0.0.0-20190812154241-14fe0d1b01d4/go.mod h1:xMI15A0UPsDsEKsMN9yxemIoYk6Tm2C1GtYGdfGttqA=
go.etcd.io/bbolt v1.3.3 h1:MUGmc65QhB3pIlaQ5bB4LwqSj6GIonVJXpZiaKNyaKk=
go.etcd.io/bbolt v1.3.3/go.mod h1:IbVyRI1SCnLcuJnV2u8VeU0CEYM7e686BmAb1XKL+uU=
golang.org/x/crypto v0.0.0-20180718160520-a2144134853f/go.mod h1:6SG95UA2DQfeDnfUPMdvaQW0Q7yPrPDi9nlGo2tz2b4=
golang.org/x/crypto v0.0.0-20190131182504-b8fe1690c613/go.mod h1:6SG95UA2DQfeDnfUPMdvaQW0Q7yPrPDi9nlGo2tz2b4=
golang.org/x/crypto v0.0.0-20190308221718-c2843e01d9a2/go.mod h1:djNgcEr1/C05ACkg1iLfiJU5Ep61QUkGW8qpdssI0+w=
golang.org/x/crypto v0.0.0-20190611184440-5c40567a22f8 h1:1wopBVtVdWnn03fZelqdXTqk7U7zPQCb+T4rbU9ZEoU=
golang.org/x/crypto v0.0.0-20190611184440-5c40567a22f8/go.mod h1:yigFU9vqHzYiE8UmvKecakEJjdnWj3jj499lnFckfCI=
golang.org/x/crypto v0.0.0-20190820162420-60c769a6c586 h1:7KByu05hhLed2MO29w7p1XfZvZ13m8mub3shuVftRs0=
golang.org/x/crypto v0.0.0-20190820162420-60c769a6c586/go.mod h1:yigFU9vqHzYiE8UmvKecakEJjdnWj3jj499lnFckfCI=
golang.org/x/exp v0.0.0-20190121172915-509febef88a4/go.mod h1:CJ0aWSM057203Lf6IL+f9T1iT9GByDxfZKAQTCR3kQA=
golang.org/x/lint v0.0.0-20181026193005-c67002cb31c3/go.mod h1:UVdnD1Gm6xHRNCYTkRU2/jEulfH38KcIWyp/GAMgvoE=
golang.org/x/lint v0.0.0-20190227174305-5b3e6a55c961/go.mod h1:wehouNa3lNwaWXcvxsM5YxQ5yQlVC4a0KAMCusXpPoU=
golang.org/x/lint v0.0.0-20190313153728-d0100b6bd8b3/go.mod h1:6SW0HCj/g11FgYtHlgUYUwCkIfeOF89ocIRzGO/8vkc=
golang.org/x/net v0.0.0-20180719180050-a680a1efc54d/go.mod h1:mL1N/T3taQHkDXs73rZJwtUhF3w3ftmwwsq0BUmARs4=
golang.org/x/net v0.0.0-20180724234803-3673e40ba225/go.mod h1:mL1N/T3taQHkDXs73rZJwtUhF3w3ftmwwsq0BUmARs4=
golang.org/x/net v0.0.0-20180808004115-f9ce57c11b24 h1:mEsFm194MmS9vCwxFy+zwu0EU7ZkxxMD1iH++vmGdUY=
golang.org/x/net v0.0.0-20180808004115-f9ce57c11b24/go.mod h1:mL1N/T3taQHkDXs73rZJwtUhF3w3ftmwwsq0BUmARs4=
golang.org/x/net v0.0.0-20180826012351-8a410e7b638d/go.mod h1:mL1N/T3taQHkDXs73rZJwtUhF3w3ftmwwsq0BUmARs4=
golang.org/x/net v0.0.0-20180906233101-161cd47e91fd/go.mod h1:mL1N/T3taQHkDXs73rZJwtUhF3w3ftmwwsq0BUmARs4=
golang.org/x/net v0.0.0-20190213061140-3a22650c66bd/go.mod h1:mL1N/T3taQHkDXs73rZJwtUhF3w3ftmwwsq0BUmARs4=
golang.org/x/net v0.0.0-20190311183353-d8887717615a h1:oWX7TPOiFAMXLq8o0ikBYfCJVlRHBcsciT5bXOrH628=
golang.org/x/net v0.0.0-20190311183353-d8887717615a/go.mod h1:t9HGtf8HONx5eT2rtn7q6eTqICYqUVnKs3thJo3Qplg=
golang.org/x/net v0.0.0-20190404232315-eb5bcb51f2a3 h1:0GoQqolDA55aaLxZyTzK/Y2ePZzZTUrRacwib7cNsYQ=
golang.org/x/net v0.0.0-20190404232315-eb5bcb51f2a3/go.mod h1:t9HGtf8HONx5eT2rtn7q6eTqICYqUVnKs3thJo3Qplg=
golang.org/x/net v0.0.0-20190813141303-74dc4d7220e7 h1:fHDIZ2oxGnUZRN6WgWFCbYBjH9uqVPRCUVUDhs0wnbA=
golang.org/x/net v0.0.0-20190813141303-74dc4d7220e7/go.mod h1:z5CRVTTTmAJ677TzLLGU+0bjPO0LkuOLi4/5GtJWs/s=
golang.org/x/oauth2 v0.0.0-20180821212333-d2e6202438be/go.mod h1:N/0e6XlmueqKjAGxoOufVs8QHGRruUQn6yWY3a++T0U=
golang.org/x/sync v0.0.0-20180314180146-1d60e4601c6f h1:wMNYb4v58l5UBM7MYRLPG6ZhfOqbKu7X5eyFl8ZhKvA=
golang.org/x/sync v0.0.0-20180314180146-1d60e4601c6f/go.mod h1:RxMgew5VJxzue5/jJTE5uejpjVlOe/izrB70Jof72aM=
golang.org/x/sync v0.0.0-20181108010431-42b317875d0f h1:Bl/8QSvNqXvPGPGXa2z5xUTmV7VDcZyvRZ+QQXkXTZQ=
golang.org/x/sync v0.0.0-20181108010431-42b317875d0f/go.mod h1:RxMgew5VJxzue5/jJTE5uejpjVlOe/izrB70Jof72aM=
golang.org/x/sync v0.0.0-20190423024810-112230192c58 h1:8gQV6CLnAEikrhgkHFbMAEhagSSnXWGV915qUMm9mrU=
golang.org/x/sync v0.0.0-20190423024810-112230192c58/go.mod h1:RxMgew5VJxzue5/jJTE5uejpjVlOe/izrB70Jof72aM=
golang.org/x/sys v0.0.0-20180830151530-49385e6e1522/go.mod h1:STP8DvDyc/dI5b8T5hshtkjS+E42TnysNCUPdjciGhY=
golang.org/x/sys v0.0.0-20180909124046-d0be0721c37e/go.mod h1:STP8DvDyc/dI5b8T5hshtkjS+E42TnysNCUPdjciGhY=
golang.org/x/sys v0.0.0-20181212120007-b05ddf57801d h1:G59MrP9Qg6bymPjN3yGmqnmuCEH1h0eFP8zpRpl1RiU=
golang.org/x/sys v0.0.0-20181212120007-b05ddf57801d/go.mod h1:STP8DvDyc/dI5b8T5hshtkjS+E42TnysNCUPdjciGhY=
golang.org/x/sys v0.0.0-20190215142949-d0b11bdaac8a h1:1BGLXjeY4akVXGgbC9HugT3Jv3hCI0z56oJR5vAMgBU=
golang.org/x/sys v0.0.0-20190215142949-d0b11bdaac8a/go.mod h1:STP8DvDyc/dI5b8T5hshtkjS+E42TnysNCUPdjciGhY=
golang.org/x/sys v0.0.0-20190412213103-97732733099d h1:+R4KGOnez64A81RvjARKc4UT5/tI9ujCIVX+P5KiHuI=
golang.org/x/sys v0.0.0-20190412213103-97732733099d/go.mod h1:h1NjWce9XRLGQEsW7wpKNCjG9DtNlClVuFLEZdDNbEs=
golang.org/x/sys v0.0.0-20190813064441-fde4db37ae7a h1:aYOabOQFp6Vj6W1F80affTUvO9UxmJRx8K0gsfABByQ=
golang.org/x/sys v0.0.0-20190813064441-fde4db37ae7a/go.mod h1:h1NjWce9XRLGQEsW7wpKNCjG9DtNlClVuFLEZdDNbEs=
golang.org/x/sys v0.0.0-20191010194322-b09406accb47 h1:/XfQ9z7ib8eEJX2hdgFTZJ/ntt0swNk5oYBziWeTCvY=
golang.org/x/sys v0.0.0-20191010194322-b09406accb47/go.mod h1:h1NjWce9XRLGQEsW7wpKNCjG9DtNlClVuFLEZdDNbEs=
golang.org/x/text v0.3.0 h1:g61tztE5qeGQ89tm6NTjjM9VPIm088od1l6aSorWRWg=
golang.org/x/text v0.3.0/go.mod h1:NqM8EUOU14njkJ3fqMW+pc6Ldnwhi/IjpwHt7yyuwOQ=
golang.org/x/text v0.3.2 h1:tW2bmiBqwgJj/UpqtC8EpXEZVYOwU0yG4iWbprSVAcs=
golang.org/x/text v0.3.2/go.mod h1:bEr9sfX3Q8Zfm5fL9x+3itogRgK3+ptLWKqgva+5dAk=
golang.org/x/tools v0.0.0-20180917221912-90fa682c2a6e/go.mod h1:n7NCudcB/nEzxVGmLbDWY5pfWTLqBcC2KZ6jyYvM4mQ=
golang.org/x/tools v0.0.0-20190114222345-bf090417da8b/go.mod h1:n7NCudcB/nEzxVGmLbDWY5pfWTLqBcC2KZ6jyYvM4mQ=
golang.org/x/tools v0.0.0-20190226205152-f727befe758c/go.mod h1:9Yl7xja0Znq3iFh3HoIrodX9oNMXvdceNzlUR8zjMvY=
golang.org/x/tools v0.0.0-20190311212946-11955173bddd/go.mod h1:LCzVGOaR6xXOjkQ3onu1FJEFr0SW1gC7cKk1uF8kGRs=
golang.org/x/tools v0.0.0-20190524140312-2c0ae7006135/go.mod h1:RgjU9mgBXZiqYHBnxXauZ1Gv1EHHAz9KjViQ78xBX0Q=
golang.org/x/xerrors v0.0.0-20190717185122-a985d3407aa7 h1:9zdDQZ7Thm29KFXgAX/+yaf3eVbP7djjWp/dXAppNCc=
golang.org/x/xerrors v0.0.0-20190717185122-a985d3407aa7/go.mod h1:I/5z698sn9Ka8TeJc9MKroUUfqBBauWjQqLJ2OPfmY0=
google.golang.org/appengine v1.1.0/go.mod h1:EbEs0AVv82hx2wNQdGPgUI5lhzA/G0D9YwlJXL52JkM=
google.golang.org/appengine v1.4.0/go.mod h1:xpcJRLb0r/rnEns0DIKYYv+WjYCduHsrkT7/EB5XEv4=
google.golang.org/genproto v0.0.0-20180817151627-c66870c02cf8 h1:Nw54tB0rB7hY/N0NQvRW8DG4Yk3Q6T9cu9RcFQDu1tc=
google.golang.org/genproto v0.0.0-20180817151627-c66870c02cf8/go.mod h1:JiN7NxoALGmiZfu7CAH4rXhgtRTLTxftemlI0sWmxmc=
google.golang.org/genproto v0.0.0-20190819201941-24fa4b261c55 h1:gSJIx1SDwno+2ElGhA4+qG2zF97qiUzTM+rQ0klBOcE=
google.golang.org/genproto v0.0.0-20190819201941-24fa4b261c55/go.mod h1:DMBHOl98Agz4BDEuKkezgsaosCRResVns1a3J2ZsMNc=
google.golang.org/grpc v1.19.0/go.mod h1:mqu4LbDTu4XGKhr4mRzUsmM4RtVoemTSY81AxZiDr8c=
google.golang.org/grpc v1.22.0 h1:J0UbZOIrCAl+fpTOf8YLs4dJo8L/owV4LYVtAXQoPkw=
google.golang.org/grpc v1.22.0/go.mod h1:Y5yQAOtifL1yxbo5wqy6BxZv8vAUGQwXBOALyacEbxg=
google.golang.org/grpc v1.23.0/go.mod h1:Y5yQAOtifL1yxbo5wqy6BxZv8vAUGQwXBOALyacEbxg=
google.golang.org/grpc v1.27.0 h1:rRYRFMVgRv6E0D70Skyfsr28tDXIuuPZyWGMPdMcnXg=
google.golang.org/grpc v1.27.0/go.mod h1:qbnxyOmOxrQa7FizSgH+ReBfzJrCY1pSN7KXBS8abTk=
gopkg.in/check.v1 v0.0.0-20161208181325-20d25e280405 h1:yhCVgyC4o1eVCa2tZl7eS0r+SDo693bJlVdllGtEeKM=
gopkg.in/check.v1 v0.0.0-20161208181325-20d25e280405/go.mod h1:Co6ibVJAznAaIkqp8huTwlJQCZ016jof/cbN4VW5Yz0=
gopkg.in/check.v1 v1.0.0-20180628173108-788fd7840127 h1:qIbj1fsPNlZgppZ+VLlY7N33q108Sa+fhmuc+sWQYwY=
gopkg.in/check.v1 v1.0.0-20180628173108-788fd7840127/go.mod h1:Co6ibVJAznAaIkqp8huTwlJQCZ016jof/cbN4VW5Yz0=
gopkg.in/fsnotify.v1 v1.4.7 h1:xOHLXZwVvI9hhs+cLKq5+I5onOuwQLhQwiu63xxlHs4=
gopkg.in/fsnotify.v1 v1.4.7/go.mod h1:Tz8NjZHkW78fSQdbUxIjBTcgA1z1m8ZHf0WmKUhAMys=
gopkg.in/tomb.v1 v1.0.0-20141024135613-dd632973f1e7 h1:uRGJdciOHaEIrze2W8Q3AKkepLTh2hOroT7a+7czfdQ=
gopkg.in/tomb.v1 v1.0.0-20141024135613-dd632973f1e7/go.mod h1:dt/ZhP58zS4L8KSrWDmTeBkI65Dw0HsyUHuEVlX15mw=
gopkg.in/yaml.v2 v2.2.1 h1:mUhvW9EsL+naU5Q3cakzfE91YhliOondGd6ZrsDBHQE=
gopkg.in/yaml.v2 v2.2.1/go.mod h1:hI93XBmqTisBFMUTm0b8Fm+jr3Dg1NNxqwp+5A1VGuI=
gopkg.in/yaml.v2 v2.2.2 h1:ZCJp+EgiOT7lHqUV2J862kp8Qj64Jo6az82+3Td9dZw=
gopkg.in/yaml.v2 v2.2.2/go.mod h1:hI93XBmqTisBFMUTm0b8Fm+jr3Dg1NNxqwp+5A1VGuI=
honnef.co/go/tools v0.0.0-20190102054323-c2f93a96b099/go.mod h1:rf3lG4BRIbNafJWhAfAdb/ePZxsR/4RtNHQocxwk9r4=
honnef.co/go/tools v0.0.0-20190523083050-ea95bdfd59fc/go.mod h1:rf3lG4BRIbNafJWhAfAdb/ePZxsR/4RtNHQocxwk9r4=
